Microsoft Visual Studio Solution File, Format Version 12.00
# Visual Studio Version 17
VisualStudioVersion = 17.12.35707.178
MinimumVisualStudioVersion = 10.0.40219.1
Project("{FAE04EC0-301F-11D3-BF4B-00C04F79EFBC}") = "CtisProject.AppHost", "CtisProject.AppHost\CtisProject.AppHost.csproj", "{90BA204D-E91D-42D4-9478-C40002150AEA}"
EndProject
Project("{FAE04EC0-301F-11D3-BF4B-00C04F79EFBC}") = "CtisProject.ServiceDefaults", "CtisProject.ServiceDefaults\CtisProject.ServiceDefaults.csproj", "{75ECC1ED-960A-44C5-8AD6-A36783EF228E}"
EndProject
Project("{FAE04EC0-301F-11D3-BF4B-00C04F79EFBC}") = "CORE", "CORE\CORE.csproj", "{0FD1F957-7319-4DB7-9AA4-3F7D340E3224}"
EndProject
Project("{FAE04EC0-301F-11D3-BF4B-00C04F79EFBC}") = "APP.Users", "APP.Users\APP.Users.csproj", "{13043311-4057-45B5-A293-8CE373DE30B3}"
EndProject
Project("{FAE04EC0-301F-11D3-BF4B-00C04F79EFBC}") = "API.Users", "API.Users\API.Users.csproj", "{16E1C3A7-CC68-4740-A8DA-E5B1587160D7}"
EndProject
Project("{FAE04EC0-301F-11D3-BF4B-00C04F79EFBC}") = "APP.Hospital", "APP.Hospital\APP.Hospital.csproj", "{5E20EA45-2CA5-4BE2-94D3-1DCDBA836106}"
EndProject
Project("{FAE04EC0-301F-11D3-BF4B-00C04F79EFBC}") = "API.Hospital", "API.Hospital\API.Hospital.csproj", "{C202EECC-ED40-4C85-8ED0-ED3B6C234864}"
EndProject
Project("{FAE04EC0-301F-11D3-BF4B-00C04F79EFBC}") = "API.Gateway", "API.Gateway\API.Gateway.csproj", "{CFD38904-E447-4099-911B-6D22B3BD8A11}"
EndProject
Global
	GlobalSection(SolutionConfigurationPlatforms) = preSolution
		Debug|Any CPU = Debug|Any CPU
		Release|Any CPU = Release|Any CPU
	EndGlobalSection
	GlobalSection(ProjectConfigurationPlatforms) = postSolution
		{90BA204D-E91D-42D4-9478-C40002150AEA}.Debug|Any CPU.ActiveCfg = Debug|Any CPU
		{90BA204D-E91D-42D4-9478-C40002150AEA}.Debug|Any CPU.Build.0 = Debug|Any CPU
		{90BA204D-E91D-42D4-9478-C40002150AEA}.Release|Any CPU.ActiveCfg = Release|Any CPU
		{90BA204D-E91D-42D4-9478-C40002150AEA}.Release|Any CPU.Build.0 = Release|Any CPU
		{75ECC1ED-960A-44C5-8AD6-A36783EF228E}.Debug|Any CPU.ActiveCfg = Debug|Any CPU
		{75ECC1ED-960A-44C5-8AD6-A36783EF228E}.Debug|Any CPU.Build.0 = Debug|Any CPU
		{75ECC1ED-960A-44C5-8AD6-A36783EF228E}.Release|Any CPU.ActiveCfg = Release|Any CPU
		{75ECC1ED-960A-44C5-8AD6-A36783EF228E}.Release|Any CPU.Build.0 = Release|Any CPU
		{0FD1F957-7319-4DB7-9AA4-3F7D340E3224}.Debug|Any CPU.ActiveCfg = Debug|Any CPU
		{0FD1F957-7319-4DB7-9AA4-3F7D340E3224}.Debug|Any CPU.Build.0 = Debug|Any CPU
		{0FD1F957-7319-4DB7-9AA4-3F7D340E3224}.Release|Any CPU.ActiveCfg = Release|Any CPU
		{0FD1F957-7319-4DB7-9AA4-3F7D340E3224}.Release|Any CPU.Build.0 = Release|Any CPU
		{13043311-4057-45B5-A293-8CE373DE30B3}.Debug|Any CPU.ActiveCfg = Debug|Any CPU
		{13043311-4057-45B5-A293-8CE373DE30B3}.Debug|Any CPU.Build.0 = Debug|Any CPU
		{13043311-4057-45B5-A293-8CE373DE30B3}.Release|Any CPU.ActiveCfg = Release|Any CPU
		{13043311-4057-45B5-A293-8CE373DE30B3}.Release|Any CPU.Build.0 = Release|Any CPU
		{16E1C3A7-CC68-4740-A8DA-E5B1587160D7}.Debug|Any CPU.ActiveCfg = Debug|Any CPU
		{16E1C3A7-CC68-4740-A8DA-E5B1587160D7}.Debug|Any CPU.Build.0 = Debug|Any CPU
		{16E1C3A7-CC68-4740-A8DA-E5B1587160D7}.Release|Any CPU.ActiveCfg = Release|Any CPU
		{16E1C3A7-CC68-4740-A8DA-E5B1587160D7}.Release|Any CPU.Build.0 = Release|Any CPU
		{5E20EA45-2CA5-4BE2-94D3-1DCDBA836106}.Debug|Any CPU.ActiveCfg = Debug|Any CPU
		{5E20EA45-2CA5-4BE2-94D3-1DCDBA836106}.Debug|Any CPU.Build.0 = Debug|Any CPU
		{5E20EA45-2CA5-4BE2-94D3-1DCDBA836106}.Release|Any CPU.ActiveCfg = Release|Any CPU
		{5E20EA45-2CA5-4BE2-94D3-1DCDBA836106}.Release|Any CPU.Build.0 = Release|Any CPU
		{C202EECC-ED40-4C85-8ED0-ED3B6C234864}.Debug|Any CPU.ActiveCfg = Debug|Any CPU
		{C202EECC-ED40-4C85-8ED0-ED3B6C234864}.Debug|Any CPU.Build.0 = Debug|Any CPU
		{C202EECC-ED40-4C85-8ED0-ED3B6C234864}.Release|Any CPU.ActiveCfg = Release|Any CPU
		{C202EECC-ED40-4C85-8ED0-ED3B6C234864}.Release|Any CPU.Build.0 = Release|Any CPU
		{CFD38904-E447-4099-911B-6D22B3BD8A11}.Debug|Any CPU.ActiveCfg = Debug|Any CPU
		{CFD38904-E447-4099-911B-6D22B3BD8A11}.Debug|Any CPU.Build.0 = Debug|Any CPU
		{CFD38904-E447-4099-911B-6D22B3BD8A11}.Release|Any CPU.ActiveCfg = Release|Any CPU
		{CFD38904-E447-4099-911B-6D22B3BD8A11}.Release|Any CPU.Build.0 = Release|Any CPU
	EndGlobalSection
	GlobalSection(SolutionProperties) = preSolution
		HideSolutionNode = FALSE
	EndGlobalSection
EndGlobal
